
Microsoft Visual Studio Solution File, Format Version 12.00
# Visual Studio Version 17
VisualStudioVersion = 17.0.31512.422
MinimumVisualStudioVersion = 10.0.40219.1
Project("{8BC9CEB8-8B4A-11D0-8D11-00A0C91BC942}") = "Project1", "Project1\Project1.vcxproj", "{AC06921B-5CE9-42B2-A85D-2E8F16E1723C}"
EndProject
Project("{8BC9CEB8-8B4A-11D0-8D11-00A0C91BC942}") = "Project3", "Project3\Project3.vcxproj", "{E843271C-7243-4BCF-983F-0070E4260A00}"
EndProject
Project("{9A19103F-16F7-4668-BE54-9A1E7A4F7556}") = "ConsoleApp1", "ConsoleApp1\ConsoleApp1.csproj", "{ADD51DE0-9A68-4F53-BEAB-F3DA47DA6B88}"
EndProject
Project("{FAE04EC0-301F-11D3-BF4B-00C04F79EFBC}") = "WindowsFormsApp1", "WindowsFormsApp1\WindowsFormsApp1.csproj", "{F72C5A8A-89D2-43A0-A718-C6DEA42F2BDA}"
EndProject
Project("{FAE04EC0-301F-11D3-BF4B-00C04F79EFBC}") = "WindowsFormsApp2", "WindowsFormsApp2\WindowsFormsApp2.csproj", "{F50039FB-34CA-469E-9B43-434AC1531947}"
EndProject
Project("{8BC9CEB8-8B4A-11D0-8D11-00A0C91BC942}") = "Project2", "Project2\Project2.vcxproj", "{396EE750-3456-4797-A3C9-3198302454EB}"
EndProject
Project("{8BC9CEB8-8B4A-11D0-8D11-00A0C91BC942}") = "Project4", "Project4\Project4.vcxproj", "{25E6D094-98BA-474D-A3CC-7A4B7AA2BF46}"
EndProject
Project("{8BC9CEB8-8B4A-11D0-8D11-00A0C91BC942}") = "Project5", "Project5\Project5.vcxproj", "{781B5FD0-D9BE-444D-A4AF-B034FBDB2B8D}"
EndProject
Project("{8BC9CEB8-8B4A-11D0-8D11-00A0C91BC942}") = "Project6", "Project6\Project6.vcxproj", "{E1C3E64D-5335-4223-82B1-8C5B06A0A87E}"
EndProject
Project("{FAE04EC0-301F-11D3-BF4B-00C04F79EFBC}") = "WindowsFormsApp3", "WindowsFormsApp3\WindowsFormsApp3.csproj", "{94F556AF-6FAD-4C3D-8460-0B944579F829}"
EndProject
Global
	GlobalSection(SolutionConfigurationPlatforms) = preSolution
		Debug|Any CPU = Debug|Any CPU
		Debug|x64 = Debug|x64
		Debug|x86 = Debug|x86
		Release|Any CPU = Release|Any CPU
		Release|x64 = Release|x64
		Release|x86 = Release|x86
	EndGlobalSection
	GlobalSection(ProjectConfigurationPlatforms) = postSolution
		{AC06921B-5CE9-42B2-A85D-2E8F16E1723C}.Debug|Any CPU.ActiveCfg = Debug|Win32
		{AC06921B-5CE9-42B2-A85D-2E8F16E1723C}.Debug|x64.ActiveCfg = Debug|x64
		{AC06921B-5CE9-42B2-A85D-2E8F16E1723C}.Debug|x64.Build.0 = Debug|x64
		{AC06921B-5CE9-42B2-A85D-2E8F16E1723C}.Debug|x86.ActiveCfg = Debug|Win32
		{AC06921B-5CE9-42B2-A85D-2E8F16E1723C}.Debug|x86.Build.0 = Debug|Win32
		{AC06921B-5CE9-42B2-A85D-2E8F16E1723C}.Release|Any CPU.ActiveCfg = Release|Win32
		{AC06921B-5CE9-42B2-A85D-2E8F16E1723C}.Release|x64.ActiveCfg = Release|x64
		{AC06921B-5CE9-42B2-A85D-2E8F16E1723C}.Release|x64.Build.0 = Release|x64
		{AC06921B-5CE9-42B2-A85D-2E8F16E1723C}.Release|x86.ActiveCfg = Release|Win32
		{AC06921B-5CE9-42B2-A85D-2E8F16E1723C}.Release|x86.Build.0 = Release|Win32
		{E843271C-7243-4BCF-983F-0070E4260A00}.Debug|Any CPU.ActiveCfg = Debug|Win32
		{E843271C-7243-4BCF-983F-0070E4260A00}.Debug|x64.ActiveCfg = Debug|x64
		{E843271C-7243-4BCF-983F-0070E4260A00}.Debug|x64.Build.0 = Debug|x64
		{E843271C-7243-4BCF-983F-0070E4260A00}.Debug|x86.ActiveCfg = Debug|Win32
		{E843271C-7243-4BCF-983F-0070E4260A00}.Debug|x86.Build.0 = Debug|Win32
		{E843271C-7243-4BCF-983F-0070E4260A00}.Release|Any CPU.ActiveCfg = Release|Win32
		{E843271C-7243-4BCF-983F-0070E4260A00}.Release|x64.ActiveCfg = Release|x64
		{E843271C-7243-4BCF-983F-0070E4260A00}.Release|x64.Build.0 = Release|x64
		{E843271C-7243-4BCF-983F-0070E4260A00}.Release|x86.ActiveCfg = Release|Win32
		{E843271C-7243-4BCF-983F-0070E4260A00}.Release|x86.Build.0 = Release|Win32
		{ADD51DE0-9A68-4F53-BEAB-F3DA47DA6B88}.Debug|Any CPU.ActiveCfg = Debug|Any CPU
		{ADD51DE0-9A68-4F53-BEAB-F3DA47DA6B88}.Debug|Any CPU.Build.0 = Debug|Any CPU
		{ADD51DE0-9A68-4F53-BEAB-F3DA47DA6B88}.Debug|x64.ActiveCfg = Debug|Any CPU
		{ADD51DE0-9A68-4F53-BEAB-F3DA47DA6B88}.Debug|x64.Build.0 = Debug|Any CPU
		{ADD51DE0-9A68-4F53-BEAB-F3DA47DA6B88}.Debug|x86.ActiveCfg = Debug|Any CPU
		{ADD51DE0-9A68-4F53-BEAB-F3DA47DA6B88}.Debug|x86.Build.0 = Debug|Any CPU
		{ADD51DE0-9A68-4F53-BEAB-F3DA47DA6B88}.Release|Any CPU.ActiveCfg = Release|Any CPU
		{ADD51DE0-9A68-4F53-BEAB-F3DA47DA6B88}.Release|Any CPU.Build.0 = Release|Any CPU
		{ADD51DE0-9A68-4F53-BEAB-F3DA47DA6B88}.Release|x64.ActiveCfg = Release|Any CPU
		{ADD51DE0-9A68-4F53-BEAB-F3DA47DA6B88}.Release|x64.Build.0 = Release|Any CPU
		{ADD51DE0-9A68-4F53-BEAB-F3DA47DA6B88}.Release|x86.ActiveCfg = Release|Any CPU
		{ADD51DE0-9A68-4F53-BEAB-F3DA47DA6B88}.Release|x86.Build.0 = Release|Any CPU
		{F72C5A8A-89D2-43A0-A718-C6DEA42F2BDA}.Debug|Any CPU.ActiveCfg = Debug|Any CPU
		{F72C5A8A-89D2-43A0-A718-C6DEA42F2BDA}.Debug|Any CPU.Build.0 = Debug|Any CPU
		{F72C5A8A-89D2-43A0-A718-C6DEA42F2BDA}.Debug|x64.ActiveCfg = Debug|Any CPU
		{F72C5A8A-89D2-43A0-A718-C6DEA42F2BDA}.Debug|x64.Build.0 = Debug|Any CPU
		{F72C5A8A-89D2-43A0-A718-C6DEA42F2BDA}.Debug|x86.ActiveCfg = Debug|Any CPU
		{F72C5A8A-89D2-43A0-A718-C6DEA42F2BDA}.Debug|x86.Build.0 = Debug|Any CPU
		{F72C5A8A-89D2-43A0-A718-C6DEA42F2BDA}.Release|Any CPU.ActiveCfg = Release|Any CPU
		{F72C5A8A-89D2-43A0-A718-C6DEA42F2BDA}.Release|Any CPU.Build.0 = Release|Any CPU
		{F72C5A8A-89D2-43A0-A718-C6DEA42F2BDA}.Release|x64.ActiveCfg = Release|Any CPU
		{F72C5A8A-89D2-43A0-A718-C6DEA42F2BDA}.Release|x64.Build.0 = Release|Any CPU
		{F72C5A8A-89D2-43A0-A718-C6DEA42F2BDA}.Release|x86.ActiveCfg = Release|Any CPU
		{F72C5A8A-89D2-43A0-A718-C6DEA42F2BDA}.Release|x86.Build.0 = Release|Any CPU
		{F50039FB-34CA-469E-9B43-434AC1531947}.Debug|Any CPU.ActiveCfg = Debug|Any CPU
		{F50039FB-34CA-469E-9B43-434AC1531947}.Debug|Any CPU.Build.0 = Debug|Any CPU
		{F50039FB-34CA-469E-9B43-434AC1531947}.Debug|x64.ActiveCfg = Debug|Any CPU
		{F50039FB-34CA-469E-9B43-434AC1531947}.Debug|x64.Build.0 = Debug|Any CPU
		{F50039FB-34CA-469E-9B43-434AC1531947}.Debug|x86.ActiveCfg = Debug|Any CPU
		{F50039FB-34CA-469E-9B43-434AC1531947}.Debug|x86.Build.0 = Debug|Any CPU
		{F50039FB-34CA-469E-9B43-434AC1531947}.Release|Any CPU.ActiveCfg = Release|Any CPU
		{F50039FB-34CA-469E-9B43-434AC1531947}.Release|Any CPU.Build.0 = Release|Any CPU
		{F50039FB-34CA-469E-9B43-434AC1531947}.Release|x64.ActiveCfg = Release|Any CPU
		{F50039FB-34CA-469E-9B43-434AC1531947}.Release|x64.Build.0 = Release|Any CPU
		{F50039FB-34CA-469E-9B43-434AC1531947}.Release|x86.ActiveCfg = Release|Any CPU
		{F50039FB-34CA-469E-9B43-434AC1531947}.Release|x86.Build.0 = Release|Any CPU
		{396EE750-3456-4797-A3C9-3198302454EB}.Debug|Any CPU.ActiveCfg = Debug|Win32
		{396EE750-3456-4797-A3C9-3198302454EB}.Debug|x64.ActiveCfg = Debug|x64
		{396EE750-3456-4797-A3C9-3198302454EB}.Debug|x64.Build.0 = Debug|x64
		{396EE750-3456-4797-A3C9-3198302454EB}.Debug|x86.ActiveCfg = Debug|Win32
		{396EE750-3456-4797-A3C9-3198302454EB}.Debug|x86.Build.0 = Debug|Win32
		{396EE750-3456-4797-A3C9-3198302454EB}.Release|Any CPU.ActiveCfg = Release|Win32
		{396EE750-3456-4797-A3C9-3198302454EB}.Release|x64.ActiveCfg = Release|x64
		{396EE750-3456-4797-A3C9-3198302454EB}.Release|x64.Build.0 = Release|x64
		{396EE750-3456-4797-A3C9-3198302454EB}.Release|x86.ActiveCfg = Release|Win32
		{396EE750-3456-4797-A3C9-3198302454EB}.Release|x86.Build.0 = Release|Win32
		{25E6D094-98BA-474D-A3CC-7A4B7AA2BF46}.Debug|Any CPU.ActiveCfg = Debug|Win32
		{25E6D094-98BA-474D-A3CC-7A4B7AA2BF46}.Debug|x64.ActiveCfg = Debug|x64
		{25E6D094-98BA-474D-A3CC-7A4B7AA2BF46}.Debug|x64.Build.0 = Debug|x64
		{25E6D094-98BA-474D-A3CC-7A4B7AA2BF46}.Debug|x86.ActiveCfg = Debug|Win32
		{25E6D094-98BA-474D-A3CC-7A4B7AA2BF46}.Debug|x86.Build.0 = Debug|Win32
		{25E6D094-98BA-474D-A3CC-7A4B7AA2BF46}.Release|Any CPU.ActiveCfg = Release|Win32
		{25E6D094-98BA-474D-A3CC-7A4B7AA2BF46}.Release|x64.ActiveCfg = Release|x64
		{25E6D094-98BA-474D-A3CC-7A4B7AA2BF46}.Release|x64.Build.0 = Release|x64
		{25E6D094-98BA-474D-A3CC-7A4B7AA2BF46}.Release|x86.ActiveCfg = Release|Win32
		{25E6D094-98BA-474D-A3CC-7A4B7AA2BF46}.Release|x86.Build.0 = Release|Win32
		{781B5FD0-D9BE-444D-A4AF-B034FBDB2B8D}.Debug|Any CPU.ActiveCfg = Debug|Win32
		{781B5FD0-D9BE-444D-A4AF-B034FBDB2B8D}.Debug|x64.ActiveCfg = Debug|x64
		{781B5FD0-D9BE-444D-A4AF-B034FBDB2B8D}.Debug|x64.Build.0 = Debug|x64
		{781B5FD0-D9BE-444D-A4AF-B034FBDB2B8D}.Debug|x86.ActiveCfg = Debug|Win32
		{781B5FD0-D9BE-444D-A4AF-B034FBDB2B8D}.Debug|x86.Build.0 = Debug|Win32
		{781B5FD0-D9BE-444D-A4AF-B034FBDB2B8D}.Release|Any CPU.ActiveCfg = Release|Win32
		{781B5FD0-D9BE-444D-A4AF-B034FBDB2B8D}.Release|x64.ActiveCfg = Release|x64
		{781B5FD0-D9BE-444D-A4AF-B034FBDB2B8D}.Release|x64.Build.0 = Release|x64
		{781B5FD0-D9BE-444D-A4AF-B034FBDB2B8D}.Release|x86.ActiveCfg = Release|Win32
		{781B5FD0-D9BE-444D-A4AF-B034FBDB2B8D}.Release|x86.Build.0 = Release|Win32
		{E1C3E64D-5335-4223-82B1-8C5B06A0A87E}.Debug|Any CPU.ActiveCfg = Debug|Win32
		{E1C3E64D-5335-4223-82B1-8C5B06A0A87E}.Debug|x64.ActiveCfg = Debug|x64
		{E1C3E64D-5335-4223-82B1-8C5B06A0A87E}.Debug|x64.Build.0 = Debug|x64
		{E1C3E64D-5335-4223-82B1-8C5B06A0A87E}.Debug|x86.ActiveCfg = Debug|Win32
		{E1C3E64D-5335-4223-82B1-8C5B06A0A87E}.Debug|x86.Build.0 = Debug|Win32
		{E1C3E64D-5335-4223-82B1-8C5B06A0A87E}.Release|Any CPU.ActiveCfg = Release|Win32
		{E1C3E64D-5335-4223-82B1-8C5B06A0A87E}.Release|x64.ActiveCfg = Release|x64
		{E1C3E64D-5335-4223-82B1-8C5B06A0A87E}.Release|x64.Build.0 = Release|x64
		{E1C3E64D-5335-4223-82B1-8C5B06A0A87E}.Release|x86.ActiveCfg = Release|Win32
		{E1C3E64D-5335-4223-82B1-8C5B06A0A87E}.Release|x86.Build.0 = Release|Win32
		{94F556AF-6FAD-4C3D-8460-0B944579F829}.Debug|Any CPU.ActiveCfg = Debug|Any CPU
		{94F556AF-6FAD-4C3D-8460-0B944579F829}.Debug|Any CPU.Build.0 = Debug|Any CPU
		{94F556AF-6FAD-4C3D-8460-0B944579F829}.Debug|x64.ActiveCfg = Debug|Any CPU
		{94F556AF-6FAD-4C3D-8460-0B944579F829}.Debug|x64.Build.0 = Debug|Any CPU
		{94F556AF-6FAD-4C3D-8460-0B944579F829}.Debug|x86.ActiveCfg = Debug|Any CPU
		{94F556AF-6FAD-4C3D-8460-0B944579F829}.Debug|x86.Build.0 = Debug|Any CPU
		{94F556AF-6FAD-4C3D-8460-0B944579F829}.Release|Any CPU.ActiveCfg = Release|Any CPU
		{94F556AF-6FAD-4C3D-8460-0B944579F829}.Release|Any CPU.Build.0 = Release|Any CPU
		{94F556AF-6FAD-4C3D-8460-0B944579F829}.Release|x64.ActiveCfg = Release|Any CPU
		{94F556AF-6FAD-4C3D-8460-0B944579F829}.Release|x64.Build.0 = Release|Any CPU
		{94F556AF-6FAD-4C3D-8460-0B944579F829}.Release|x86.ActiveCfg = Release|Any CPU
		{94F556AF-6FAD-4C3D-8460-0B944579F829}.Release|x86.Build.0 = Release|Any CPU
	EndGlobalSection
	GlobalSection(SolutionProperties) = preSolution
		HideSolutionNode = FALSE
	EndGlobalSection
	GlobalSection(ExtensibilityGlobals) = postSolution
		SolutionGuid = {E2C6AE8C-DAE5-4732-A1A6-E1C7F907866D}
	EndGlobalSection
EndGlobal
